
Microsoft Visual Studio Solution File, Format Version 12.00
# Visual Studio Version 16
VisualStudioVersion = 16.0.31605.320
MinimumVisualStudioVersion = 10.0.40219.1
Project("{FAE04EC0-301F-11D3-BF4B-00C04F79EFBC}") = "Dropdown", "Dropdown.csproj", "{EC876643-CE49-40FB-83BE-0D1703EBFFEC}"
EndProject
Global
	GlobalSection(SolutionConfigurationPlatforms) = preSolution
		Debug|Any CPU = Debug|Any CPU
		Release|Any CPU = Release|Any CPU
	EndGlobalSection
	GlobalSection(ProjectConfigurationPlatforms) = postSolution
		{EC876643-CE49-40FB-83BE-0D1703EBFFEC}.Debug|Any CPU.ActiveCfg = Debug|Any CPU
		{EC876643-CE49-40FB-83BE-0D1703EBFFEC}.Debug|Any CPU.Build.0 = Debug|Any CPU
		{EC876643-CE49-40FB-83BE-0D1703EBFFEC}.Release|Any CPU.ActiveCfg = Release|Any CPU
		{EC876643-CE49-40FB-83BE-0D1703EBFFEC}.Release|Any CPU.Build.0 = Release|Any CPU
	EndGlobalSection
	GlobalSection(SolutionProperties) = preSolution
		HideSolutionNode = FALSE
	EndGlobalSection
	GlobalSection(ExtensibilityGlobals) = postSolution
		SolutionGuid = {4588F7A1-2165-4FED-AF1E-CCA5B4F02D35}
	EndGlobalSection
EndGlobal
